{
    "_readme": [
        "This file locks the dependencies of your project to a known state",
        "Read more about it at https://getcomposer.org/doc/01-basic-usage.md#installing-dependencies",
        "This file is @generated automatically"
    ],
    "content-hash": "6284ea7a4da3831e341b300a70d3607b",
    "packages": [
        {
            "name": "agungdhewe/phplogger",
            "version": "v1.1",
            "source": {
                "type": "git",
                "url": "https://github.com/agungdhewe/phplogger.git",
                "reference": "751cd13a80c0b22800d0d2f4add40bd75ebc0e1b"
            },
            "dist": {
                "type": "zip",
                "url": "https://api.github.com/repos/agungdhewe/phplogger/zipball/751cd13a80c0b22800d0d2f4add40bd75ebc0e1b",
                "reference": "751cd13a80c0b22800d0d2f4add40bd75ebc0e1b",
                "shasum": ""
            },
            "require": {
                "php": "^8.3"
            },
            "type": "library",
            "autoload": {
                "psr-4": {
                    "AgungDhewe\\PhpLogger\\": "src/"
                }
            },
            "notification-url": "https://packagist.org/downloads/",
            "license": [
                "GPL-3.0-or-later"
            ],
            "authors": [
                {
                    "name": "Agung Nugroho",
                    "email": "agung.dhewe@gmail.com"
                }
            ],
            "description": "logger untuk PHP",
            "support": {
                "issues": "https://github.com/agungdhewe/phplogger/issues",
                "source": "https://github.com/agungdhewe/phplogger/tree/v1.1"
            },
            "time": "2024-10-11T12:43:42+00:00"
        },
        {
            "name": "agungdhewe/phpsqlutil",
            "version": "v1.2.1",
            "source": {
                "type": "git",
                "url": "https://github.com/agungdhewe/phpsqlutil.git",
                "reference": "ca59ae059f31851c18e486d54e16d21271d21fdc"
            },
            "dist": {
                "type": "zip",
                "url": "https://api.github.com/repos/agungdhewe/phpsqlutil/zipball/ca59ae059f31851c18e486d54e16d21271d21fdc",
                "reference": "ca59ae059f31851c18e486d54e16d21271d21fdc",
                "shasum": ""
            },
            "require": {
                "php": "^8.3"
            },
            "type": "library",
            "autoload": {
                "psr-4": {
                    "AgungDhewe\\PhpSqlUtil\\": "src/"
                }
            },
            "notification-url": "https://packagist.org/downloads/",
            "license": [
                "GPL-3.0-or-later"
            ],
            "authors": [
                {
                    "name": "Agung Nugroho",
                    "email": "agung.dhewe@gmail.com"
                }
            ],
            "description": "Utility for create SQL insert, update and delete",
            "support": {
                "issues": "https://github.com/agungdhewe/phpsqlutil/issues",
                "source": "https://github.com/agungdhewe/phpsqlutil/tree/v1.2.1"
            },
            "time": "2024-10-11T13:04:29+00:00"
        }
    ],
    "packages-dev": [],
    "aliases": [],
    "minimum-stability": "stable",
    "stability-flags": [],
    "prefer-stable": false,
    "prefer-lowest": false,
    "platform": {
        "php": "^8.3"
    },
    "platform-dev": [],
    "plugin-api-version": "2.2.0"
}
